
Microsoft Visual Studio Solution File, Format Version 12.00
# Visual Studio Version 16
VisualStudioVersion = 16.0.31515.178
MinimumVisualStudioVersion = 10.0.40219.1
Project("{FAE04EC0-301F-11D3-BF4B-00C04F79EFBC}") = "ServerAgent", "ServerAgent\ServerAgent.csproj", "{41849EEF-C60B-415D-AD89-FE1B37B9755F}"
EndProject
Project("{FAE04EC0-301F-11D3-BF4B-00C04F79EFBC}") = "ClientAgent", "ClientAgent\ClientAgent.csproj", "{38333605-599E-426A-8497-5125D45ECE2A}"
EndProject
Global
	GlobalSection(SolutionConfigurationPlatforms) = preSolution
		Debug|Any CPU = Debug|Any CPU
		Release|Any CPU = Release|Any CPU
	EndGlobalSection
	GlobalSection(ProjectConfigurationPlatforms) = postSolution
		{41849EEF-C60B-415D-AD89-FE1B37B9755F}.Debug|Any CPU.ActiveCfg = Debug|Any CPU
		{41849EEF-C60B-415D-AD89-FE1B37B9755F}.Debug|Any CPU.Build.0 = Debug|Any CPU
		{41849EEF-C60B-415D-AD89-FE1B37B9755F}.Release|Any CPU.ActiveCfg = Release|Any CPU
		{41849EEF-C60B-415D-AD89-FE1B37B9755F}.Release|Any CPU.Build.0 = Release|Any CPU
		{38333605-599E-426A-8497-5125D45ECE2A}.Debug|Any CPU.ActiveCfg = Debug|Any CPU
		{38333605-599E-426A-8497-5125D45ECE2A}.Debug|Any CPU.Build.0 = Debug|Any CPU
		{38333605-599E-426A-8497-5125D45ECE2A}.Release|Any CPU.ActiveCfg = Release|Any CPU
		{38333605-599E-426A-8497-5125D45ECE2A}.Release|Any CPU.Build.0 = Release|Any CPU
	EndGlobalSection
	GlobalSection(SolutionProperties) = preSolution
		HideSolutionNode = FALSE
	EndGlobalSection
	GlobalSection(ExtensibilityGlobals) = postSolution
		SolutionGuid = {BD57D169-69B9-4760-88BE-AD15AB2DC8CE}
	EndGlobalSection
EndGlobal
